{
  "name": "homebridge-lollipop-plugin",
  "version": "1.0.4",
  "lockfileVersion": 3,
  "requires": true,
  "packages": {
    "": {
      "name": "homebridge-lollipop-plugin",
      "version": "1.0.4",
      "license": "Apache-2.0",
      "dependencies": {
        "ffmpeg-for-homebridge": "^2.2.2",
        "mqtt": "4.2.8"
      },
      "devDependencies": {
        "homebridge": "^1.8.0"
      },
      "engines": {
        "homebridge": ">=1.6.0",
        "node": ">=22.0.0"
      },
      "peerDependencies": {
        "homebridge": ">=1.6.0"
      }
    },
    "node_modules/@homebridge/ciao": {
      "version": "1.3.12",
      "resolved": "https://registry.npmjs.org/@homebridge/ciao/-/ciao-1.3.12.tgz",
      "integrity": "sha512-84/0u0kqKy4qcKupIDaTtbkmk+3qFDuMzxTC0NPfVlHcUT+jHGdP+QCqwEw94/GJxRezDeBLwxaclkBZgCdeUg==",
      "dev": true,
      "license": "MIT",
      "dependencies": {
        "debug": "^4.4.3",
        "fast-deep-equal": "^3.1.3",
        "source-map-support": "^0.5.21",
        "tslib": "^2.8.1"
      },
      "bin": {
        "ciao-bcs": "lib/bonjour-conformance-testing.js"
      }
    },
    "node_modules/@homebridge/dbus-native": {
      "version": "0.7.9",
      "resolved": "https://registry.npmjs.org/@homebridge/dbus-native/-/dbus-native-0.7.9.tgz",
      "integrity": "sha512-PFOeWyXfH2eoM4o6Zmj9PzCUDlrrbtrbAJVzHYXpXK5rh/dz84Ygu79WHKK3DWW2/oXieYPV6up+i1izSPbc3g==",
      "dev": true,
      "license": "MIT",
      "dependencies": {
        "event-stream": "^4.0.1",
        "hexy": "^0.4.0",
        "long": "^5.3.2",
        "minimist": "^1.2.8",
        "safe-buffer": "^5.2.1",
        "xml2js": "^0.6.2"
      },
      "bin": {
        "dbus2js": "bin/dbus2js.js"
      }
    },
    "node_modules/@isaacs/fs-minipass": {
      "version": "4.0.1",
      "resolved": "https://registry.npmjs.org/@isaacs/fs-minipass/-/fs-minipass-4.0.1.tgz",
      "integrity": "sha512-wgm9Ehl2jpeqP3zw/7mo3kRHFp5MEDhqAdwy1fTGkHAwnkGOVsgpvQhL8B5n1qlb01jV3n/bI0ZfZp5lWA1k4w==",
      "license": "ISC",
      "dependencies": {
        "minipass": "^7.0.4"
      },
      "engines": {
        "node": ">=18.0.0"
      }
    },
    "node_modules/@leichtgewicht/ip-codec": {
      "version": "2.0.5",
      "resolved": "https://registry.npmjs.org/@leichtgewicht/ip-codec/-/ip-codec-2.0.5.tgz",
      "integrity": "sha512-Vo+PSpZG2/fmgmiNzYK9qWRh8h/CHrwD0mo1h1DzL4yzHNSfWYujGTYsWGreD000gcgmZ7K4Ys6Tx9TxtsKdDw==",
      "dev": true,
      "license": "MIT"
    },
    "node_modules/ansi-styles": {
      "version": "4.3.0",
      "resolved": "https://registry.npmjs.org/ansi-styles/-/ansi-styles-4.3.0.tgz",
      "integrity": "sha512-zbB9rCJAT1rbjiVDb2hqKFHNYLxgtk8NURxZ3IZwD3F6NtxbXZQCnnSi1Lkx+IDohdPlFp222wVALIheZJQSEg==",
      "dev": true,
      "license": "MIT",
      "dependencies": {
        "color-convert": "^2.0.1"
      },
      "engines": {
        "node": ">=8"
      },
      "funding": {
        "url": "https://github.com/chalk/ansi-styles?sponsor=1"
      }
    },
    "node_modules/balanced-match": {
      "version": "1.0.2",
      "resolved": "https://registry.npmjs.org/balanced-match/-/balanced-match-1.0.2.tgz",
      "integrity": "sha512-3oSeUO0TMV67hN1AmbXsK4yaqU7tjiHlbxRDZOpH0KW9+CeX4bRAaX0Anxt0tx2MrpRpWwQaPwIlISEJhYU5Pw==",
      "license": "MIT"
    },
    "node_modules/base64-js": {
      "version": "1.5.1",
      "resolved": "https://registry.npmjs.org/base64-js/-/base64-js-1.5.1.tgz",
      "integrity": "sha512-AKpaYlHn8t4SVbOHCy+b5+KKgvR4vrsD8vbvrbiQJps7fKDTkjkDry6ji0rUJjC0kzbNePLwzxq8iypo41qeWA==",
      "funding": [
        {
          "type": "github",
          "url": "https://github.com/sponsors/feross"
        },
        {
          "type": "patreon",
          "url": "https://www.patreon.com/feross"
        },
        {
          "type": "consulting",
          "url": "https://feross.org/support"
        }
      ],
      "license": "MIT"
    },
    "node_modules/bl": {
      "version": "4.1.0",
      "resolved": "https://registry.npmjs.org/bl/-/bl-4.1.0.tgz",
      "integrity": "sha512-1W07cM9gS6DcLperZfFSj+bWLtaPGSOHWhPiGzXmvVJbRLdG82sH/Kn8EtW1VqWVA54AKf2h5k5BbnIbwF3h6w==",
      "license": "MIT",
      "dependencies": {
        "buffer": "^5.5.0",
        "inherits": "^2.0.4",
        "readable-stream": "^3.4.0"
      }
    },
    "node_modules/bonjour-hap": {
      "version": "3.10.5",
      "resolved": "https://registry.npmjs.org/bonjour-hap/-/bonjour-hap-3.10.5.tgz",
      "integrity": "sha512-8E81oIQF0pjlDNVAKcAGwPYYG9BKD42Q8Fi7eJ/vYxEwyL/M8YpjM4gnFC1QTmagWI3jzbw7jPI0q2C1qWfQLQ==",
      "dev": true,
      "license": "MIT",
      "dependencies": {
        "fast-deep-equal": "^3.1.3",
        "multicast-dns": "^7.2.5",
        "multicast-dns-service-types": "^1.1.0"
      }
    },
    "node_modules/brace-expansion": {
      "version": "1.1.21",
      "resolved": "https://registry.npmjs.org/brace-expansion/-/brace-expansion-1.1.21.tgz",
      "integrity": "sha512-9zeA+KLZNNzglF2TPKRQEDyx6Yby7daAkuy8MiPzpXPsYDWi/DRM8jmwUDxokQjYqBpv5DgPiwD4h4ZZSy1Ujw==",
      "license": "MIT",
      "dependencies": {
        "balanced-match": "^1.0.0",
        "concat-map": "0.0.1"
      }
    },
    "node_modules/buffer": {
      "version": "5.7.1",
      "resolved": "https://registry.npmjs.org/buffer/-/buffer-5.7.1.tgz",
      "integrity": "sha512-EHcyIPBQ4BSGlvjB16k5KgAJ27CIsHY/2JBmCRReo48y9rQ3MaUzWX3KVlBa4U7MyX02HdVj0K7C3WaB3ju7FQ==",
      "funding": [
        {
          "type": "github",
          "url": "https://github.com/sponsors/feross"
        },
        {
          "type": "patreon",
          "url": "https://www.patreon.com/feross"
        },
        {
          "type": "consulting",
          "url": "https://feross.org/support"
        }
      ],
      "license": "MIT",
      "dependencies": {
        "base64-js": "^1.3.1",
        "ieee754": "^1.1.13"
      }
    },
    "node_modules/buffer-from": {
      "version": "1.1.2",
      "resolved": "https://registry.npmjs.org/buffer-from/-/buffer-from-1.1.2.tgz",
      "integrity": "sha512-E+XQCRwSbaaiChtv6k6Dwgc+bx+Bs6vuKJHHl5kox/BaKbhiXzqQOwK4cO22yElGp2OCmjwVhT3HmxgyPGnJfQ==",
      "license": "MIT"
    },
    "node_modules/chalk": {
      "version": "4.1.2",
      "resolved": "https://registry.npmjs.org/chalk/-/chalk-4.1.2.tgz",
      "integrity": "sha512-oKnbhFyRIXpUuez8iBMmyEa4nbj4IOQyuhc/wy9kY7/WVPcwIO9VA668Pu8RkO7+0G76SLROeyw9CpQ061i4mA==",
      "dev": true,
      "license": "MIT",
      "dependencies": {
        "ansi-styles": "^4.1.0",
        "supports-color": "^7.1.0"
      },
      "engines": {
        "node": ">=10"
      },
      "funding": {
        "url": "https://github.com/chalk/chalk?sponsor=1"
      }
    },
    "node_modules/chownr": {
      "version": "3.0.0",
      "resolved": "https://registry.npmjs.org/chownr/-/chownr-3.0.0.tgz",
      "integrity": "sha512-+IxzY9BZOQd/XuYPRmrvEVjF/nqj5kgT4kEq7VofrDoM1MxoRjEWkrCC3EtLi59TVawxTAn+orJwFQcrqEN1+g==",
      "license": "BlueOak-1.0.0",
      "engines": {
        "node": ">=18"
      }
    },
    "node_modules/color-convert": {
      "version": "2.0.1",
      "resolved": "https://registry.npmjs.org/color-convert/-/color-convert-2.0.1.tgz",
      "integrity": "sha512-RRECPsj7iu/xb5oKYcsFHSppFNnsj/52OVTRKb4zP5onXwVF3zVmmToNcOfGC+CRDpfK/U584fMg38ZHCaElKQ==",
      "dev": true,
      "license": "MIT",
      "dependencies": {
        "color-name": "~1.1.4"
      },
      "engines": {
        "node": ">=7.0.0"
      }
    },
    "node_modules/color-name": {
      "version": "1.1.4",
      "resolved": "https://registry.npmjs.org/color-name/-/color-name-1.1.4.tgz",
      "integrity": "sha512-dOy+3AuW3a2wNbZHIuMZpTcgjGuLU/uBL/ubcZF9OXbDo8ff4O8yVp5Bf0efS8uEoYo5q4Fx7dY9OgQGXgAsQA==",
      "dev": true,
      "license": "MIT"
    },
    "node_modules/commander": {
      "version": "13.1.0",
      "resolved": "https://registry.npmjs.org/commander/-/commander-13.1.0.tgz",
      "integrity": "sha512-/rFeCpNJQbhSZjGVwO9RFV3xPqbnERS8MmIQzCtD/zl6gpJuV/bMLuN92oG3F7d8oDEHHRrujSXNUr8fpjntKw==",
      "dev": true,
      "license": "MIT",
      "engines": {
        "node": ">=18"
      }
    },
    "node_modules/commist": {
      "version": "1.1.0",
      "resolved": "https://registry.npmjs.org/commist/-/commist-1.1.0.tgz",
      "integrity": "sha512-rraC8NXWOEjhADbZe9QBNzLAN5Q3fsTPQtBV+fEVj6xKIgDgNiEVE6ZNfHpZOqfQ21YUzfVNUXLOEZquYvQPPg==",
      "license": "MIT",
      "dependencies": {
        "leven": "^2.1.0",
        "minimist": "^1.1.0"
      }
    },
    "node_modules/concat-map": {
      "version": "0.0.1",
      "resolved": "https://registry.npmjs.org/concat-map/-/concat-map-0.0.1.tgz",
      "integrity": "sha512-/Srv4dswyQNBfohGpz9o6Yb3Gz3SrUDqBH5rTuhGR7ahtlbYKnVxw2bCFMRljaA7EXHaXZ8wsHdodFvbkhKmqg==",
      "license": "MIT"
    },
    "node_modules/concat-stream": {
      "version": "2.0.0",
      "resolved": "https://registry.npmjs.org/concat-stream/-/concat-stream-2.0.0.tgz",
      "integrity": "sha512-MWufYdFw53ccGjCA+Ol7XJYpAlW6/prSMzuPOTRnJGcGzuhLn4Scrz7qf6o8bROZ514ltazcIFJZevcfbo0x7A==",
      "engines": [
        "node >= 6.0"
      ],
      "license": "MIT",
      "dependencies": {
        "buffer-from": "^1.0.0",
        "inherits": "^2.0.3",
        "readable-stream": "^3.0.2",
        "typedarray": "^0.0.6"
      }
    },
    "node_modules/debug": {
      "version": "4.4.3",
      "resolved": "https://registry.npmjs.org/debug/-/debug-4.4.3.tgz",
      "integrity": "sha512-RGwwWnwQvkVfavKVt22FGLw+xYSdzARwm0ru6DhTVA3umU5hZc28V3kO4stgYryrTlLpuvgI9GiijltAjNbcqA==",
      "license": "MIT",
      "dependencies": {
        "ms": "^2.1.3"
      },
      "engines": {
        "node": ">=6.0"
      },
      "peerDependenciesMeta": {
        "supports-color": {
          "optional": true
        }
      }
    },
    "node_modules/dns-packet": {
      "version": "5.6.1",
      "resolved": "https://registry.npmjs.org/dns-packet/-/dns-packet-5.6.1.tgz",
      "integrity": "sha512-l4gcSouhcgIKRvyy99RNVOgxXiicE+2jZoNmaNmZ6JXiGajBOJAesk1OBlJuM5k2c+eudGdLxDqXuPCKIj6kpw==",
      "dev": true,
      "license": "MIT",
      "dependencies": {
        "@leichtgewicht/ip-codec": "^2.0.1"
      },
      "engines": {
        "node": ">=6"
      }
    },
    "node_modules/duplexer": {
      "version": "0.1.2",
      "resolved": "https://registry.npmjs.org/duplexer/-/duplexer-0.1.2.tgz",
      "integrity": "sha512-jtD6YG370ZCIi/9GTaJKQxWTZD045+4R4hTk/x1UyoqadyJ9x9CgSi1RlVDQF8U2sxLLSnFkCaMihqljHIWgMg==",
      "dev": true,
      "license": "MIT"
    },
    "node_modules/duplexify": {
      "version": "4.1.3",
      "resolved": "https://registry.npmjs.org/duplexify/-/duplexify-4.1.3.tgz",
      "integrity": "sha512-M3BmBhwJRZsSx38lZyhE53Csddgzl5R7xGJNk7CVddZD6CcmwMCH8J+7AprIrQKH7TonKxaCjcv27Qmf+sQ+oA==",
      "license": "MIT",
      "dependencies": {
        "end-of-stream": "^1.4.1",
        "inherits": "^2.0.3",
        "readable-stream": "^3.1.1",
        "stream-shift": "^1.0.2"
      }
    },
    "node_modules/end-of-stream": {
      "version": "1.4.5",
      "resolved": "https://registry.npmjs.org/end-of-stream/-/end-of-stream-1.4.5.tgz",
      "integrity": "sha512-ooEGc6HP26xXq/N+GCGOT0JKCLDGrq2bQUZrQ7gyrJiZANJ/8YDTxTpQBXGMn+WbIQXNVpyWymm7KYVICQnyOg==",
      "license": "MIT",
      "dependencies": {
        "once": "^1.4.0"
      }
    },
    "node_modules/event-stream": {
      "version": "4.0.1",
      "resolved": "https://registry.npmjs.org/event-stream/-/event-stream-4.0.1.tgz",
      "integrity": "sha512-qACXdu/9VHPBzcyhdOWR5/IahhGMf0roTeZJfzz077GwylcDd90yOHLouhmv7GJ5XzPi6ekaQWd8AvPP2nOvpA==",
      "dev": true,
      "license": "MIT",
      "dependencies": {
        "duplexer": "^0.1.1",
        "from": "^0.1.7",
        "map-stream": "0.0.7",
        "pause-stream": "^0.0.11",
        "split": "^1.0.1",
        "stream-combiner": "^0.2.2",
        "through": "^2.3.8"
      }
    },
    "node_modules/fast-deep-equal": {
      "version": "3.1.3",
      "resolved": "https://registry.npmjs.org/fast-deep-equal/-/fast-deep-equal-3.1.3.tgz",
      "integrity": "sha512-f3qQ9oQy9j2AhBe/H9VC91wLmKBCCU/gDOnKNAYG5hswO7BLKj09Hc5HYNz9cGI++xlpDCIgDaitVs03ATR84Q==",
      "dev": true,
      "license": "MIT"
    },
    "node_modules/fast-srp-hap": {
      "version": "2.0.4",
      "resolved": "https://registry.npmjs.org/fast-srp-hap/-/fast-srp-hap-2.0.4.tgz",
      "integrity": "sha512-lHRYYaaIbMrhZtsdGTwPN82UbqD9Bv8QfOlKs+Dz6YRnByZifOh93EYmf2iEWFtkOEIqR2IK8cFD0UN5wLIWBQ==",
      "dev": true,
      "license": "MIT",
      "engines": {
        "node": ">=10.17.0"
      }
    },
    "node_modules/ffmpeg-for-homebridge": {
      "version": "2.2.2",
      "resolved": "https://registry.npmjs.org/ffmpeg-for-homebridge/-/ffmpeg-for-homebridge-2.2.2.tgz",
      "integrity": "sha512-A1bmqv9BTrpGZPCQ0XpWk4gmzheBGEv3eFQDKBKA74hwG/tJdt6JqcF+jlmlp5s/OqRdDrEsyveL2T+GvNf/fA==",
      "hasInstallScript": true,
      "dependencies": {
        "tar": "^7.5.12"
      },
      "engines": {
        "node": ">=22"
      }
    },
    "node_modules/from": {
      "version": "0.1.7",
      "resolved": "https://registry.npmjs.org/from/-/from-0.1.7.tgz",
      "integrity": "sha512-twe20eF1OxVxp/ML/kq2p1uc6KvFK/+vs8WjEbeKmV2He22MKm7YF2ANIt+EOqhJ5L3K/SuuPhk0hWQDjOM23g==",
      "dev": true,
      "license": "MIT"
    },
    "node_modules/fs-extra": {
      "version": "11.3.4",
      "resolved": "https://registry.npmjs.org/fs-extra/-/fs-extra-11.3.4.tgz",
      "integrity": "sha512-CTXd6rk/M3/ULNQj8FBqBWHYBVYybQ3VPBw0xGKFe3tuH7ytT6ACnvzpIQ3UZtB8yvUKC2cXn1a+x+5EVQLovA==",
      "dev": true,
      "license": "MIT",
      "dependencies": {
        "graceful-fs": "^4.2.0",
        "jsonfile": "^6.0.1",
        "universalify": "^2.0.0"
      },
      "engines": {
        "node": ">=14.14"
      }
    },
    "node_modules/fs.realpath": {
      "version": "1.0.0",
      "resolved": "https://registry.npmjs.org/fs.realpath/-/fs.realpath-1.0.0.tgz",
      "integrity": "sha512-OO0pH2lK6a0hZnAdau5ItzHPI6pUlvI7jMVnxUQRtw4owF2wk8lOSabtGDCTP4Ggrg2MbGnWO9X8K1t4+fGMDw==",
      "license": "ISC"
    },
    "node_modules/futoin-hkdf": {
      "version": "1.5.3",
      "resolved": "https://registry.npmjs.org/futoin-hkdf/-/futoin-hkdf-1.5.3.tgz",
      "integrity": "sha512-SewY5KdMpaoCeh7jachEWFsh1nNlaDjNHZXWqL5IGwtpEYHTgkr2+AMCgNwKWkcc0wpSYrZfR7he4WdmHFtDxQ==",
      "dev": true,
      "license": "Apache-2.0",
      "engines": {
        "node": ">=8"
      }
    },
    "node_modules/glob": {
      "version": "7.2.3",
      "resolved": "https://registry.npmjs.org/glob/-/glob-7.2.3.tgz",
      "integrity": "sha512-nFR0zLpU2YCaRxwoCJvL6UvCH2JFyFVIvwTLsIf21AuHlMskA1hhTdk+LlYJtOlYt9v6dvszD2BGRqBL+iQK9Q==",
      "deprecated": "Old versions of glob are not supported, and contain widely publicized security vulnerabilities, which have been fixed in the current version. Please update. Support for old versions may be purchased (at exorbitant rates) by contacting i@izs.me",
      "license": "ISC",
      "dependencies": {
        "fs.realpath": "^1.0.0",
        "inflight": "^1.0.4",
        "inherits": "2",
        "minimatch": "^3.1.1",
        "once": "^1.3.0",
        "path-is-absolute": "^1.0.0"
      },
      "engines": {
        "node": "*"
      },
      "funding": {
        "url": "https://github.com/sponsors/isaacs"
      }
    },
    "node_modules/graceful-fs": {
      "version": "4.2.11",
      "resolved": "https://registry.npmjs.org/graceful-fs/-/graceful-fs-4.2.11.tgz",
      "integrity": "sha512-RbJ5/jmFcNNCcDV5o9eTnBLJ/HszWV0P73bc+Ff4nS/rJj+YaS6IGyiOL0VoBYX+l1Wrl3k63h/KrH+nhJ0XvQ==",
      "dev": true,
      "license": "ISC"
    },
    "node_modules/hap-nodejs": {
      "version": "0.14.3",
      "resolved": "https://registry.npmjs.org/hap-nodejs/-/hap-nodejs-0.14.3.tgz",
      "integrity": "sha512-kl7z4r84WN/bjQmO2OA8+RefPVtPQw6k2hs7/q1+ROghE9G6C5f/yNenR7/yYnZLfXMXQfY4yLiYY5uLCKXT1w==",
      "dev": true,
      "license": "Apache-2.0",
      "dependencies": {
        "@homebridge/ciao": "^1.3.6",
        "@homebridge/dbus-native": "^0.7.4",
        "bonjour-hap": "^3.10.1",
        "debug": "^4.4.3",
        "fast-srp-hap": "^2.0.4",
        "futoin-hkdf": "^1.5.3",
        "node-persist": "^0.0.12",
        "source-map-support": "^0.5.21",
        "tslib": "^2.8.1",
        "tweetnacl": "^1.0.3"
      },
      "engines": {
        "node": "^18 || ^20 || ^22 || ^24"
      }
    },
    "node_modules/has-flag": {
      "version": "4.0.0",
      "resolved": "https://registry.npmjs.org/has-flag/-/has-flag-4.0.0.tgz",
      "integrity": "sha512-EykJT/Q1KjTWctppgIAgfSO0tKVuZUjhgMr17kqTumMl6Afv3EISleU7qZUzoXDFTAHTDC4NOoG/ZxU3EvlMPQ==",
      "dev": true,
      "license": "MIT",
      "engines": {
        "node": ">=8"
      }
    },
    "node_modules/help-me": {
      "version": "3.0.0",
      "resolved": "https://registry.npmjs.org/help-me/-/help-me-3.0.0.tgz",
      "integrity": "sha512-hx73jClhyk910sidBB7ERlnhMlFsJJIBqSVMFDwPN8o2v9nmp5KgLq1Xz1Bf1fCMMZ6mPrX159iG0VLy/fPMtQ==",
      "license": "MIT",
      "dependencies": {
        "glob": "^7.1.6",
        "readable-stream": "^3.6.0"
      }
    },
    "node_modules/hexy": {
      "version": "0.4.0",
      "resolved": "https://registry.npmjs.org/hexy/-/hexy-0.4.0.tgz",
      "integrity": "sha512-HxJ6HCV/zrSBeAVRNEhr3CE6yTlCYklMHfCVfJkp7kC+HJqSP1SQ+howWPiHK37t++ELUtgoAoGJut5HyRhIvg==",
      "dev": true,
      "license": "MIT",
      "bin": {
        "hexy": "bin/hexy_cmd.js"
      },
      "engines": {
        "node": ">=14.0.0"
      }
    },
    "node_modules/homebridge": {
      "version": "1.11.4",
      "resolved": "https://registry.npmjs.org/homebridge/-/homebridge-1.11.4.tgz",
      "integrity": "sha512-8rffC5N+vG/AaZwWwKB30m4pDauFVM1zRauY4mPk5dTpRv8+4QLC8dG7arLe6mW+i5UM8Q5lUeNyBdSjrIukkA==",
      "dev": true,
      "license": "Apache-2.0",
      "dependencies": {
        "chalk": "4.1.2",
        "commander": "13.1.0",
        "fs-extra": "11.3.4",
        "hap-nodejs": "0.14.3",
        "qrcode-terminal": "0.12.0",
        "semver": "7.7.4",
        "source-map-support": "0.5.21"
      },
      "bin": {
        "homebridge": "bin/homebridge"
      },
      "engines": {
        "node": "^18.15.0 || ^20.7.0 || ^22 || ^24"
      }
    },
    "node_modules/ieee754": {
      "version": "1.2.1",
      "resolved": "https://registry.npmjs.org/ieee754/-/ieee754-1.2.1.tgz",
      "integrity": "sha512-dcyqhDvX1C46lXZcVqCpK+FtMRQVdIMN6/Df5js2zouUsqG7I6sFxitIC+7KYK29KdXOLHdu9zL4sFnoVQnqaA==",
      "funding": [
        {
          "type": "github",
          "url": "https://github.com/sponsors/feross"
        },
        {
          "type": "patreon",
          "url": "https://www.patreon.com/feross"
        },
        {
          "type": "consulting",
          "url": "https://feross.org/support"
        }
      ],
      "license": "BSD-3-Clause"
    },
    "node_modules/inflight": {
      "version": "1.0.6",
      "resolved": "https://registry.npmjs.org/inflight/-/inflight-1.0.6.tgz",
      "integrity": "sha512-k92I/b08q4wvFscXCLvqfsHCrjrF7yiXsQuIVvVE7N82W3+aqpzuUdBbfhWcy/FZR3/4IgflMgKLOsvPDrGCJA==",
      "deprecated": "This module is not supported, and leaks memory. Do not use it. Check out lru-cache if you want a good and tested way to coalesce async requests by a key value, which is much more comprehensive and powerful.",
      "license": "ISC",
      "dependencies": {
        "once": "^1.3.0",
        "wrappy": "1"
      }
    },
    "node_modules/inherits": {
      "version": "2.0.4",
      "resolved": "https://registry.npmjs.org/inherits/-/inherits-2.0.4.tgz",
      "integrity": "sha512-k/vGaX4/Yla3WzyMCvTQOXYeIHvqOKtnqBduzTHpzpQZzAskKMhZ2K+EnBiSM9zGSoIFeMpXKxa4dYeZIQqewQ==",
      "license": "ISC"
    },
    "node_modules/jsonfile": {
      "version": "6.2.1",
      "resolved": "https://registry.npmjs.org/jsonfile/-/jsonfile-6.2.1.tgz",
      "integrity": "sha512-zwOTdL3rFQ/lRdBnntKVOX6k5cKJwEc1HdilT71BWEu7J41gXIB2MRp+vxduPSwZJPWBxEzv4yH1wYLJGUHX4Q==",
      "dev": true,
      "license": "MIT",
      "dependencies": {
        "universalify": "^2.0.0"
      },
      "optionalDependencies": {
        "graceful-fs": "^4.1.6"
      }
    },
    "node_modules/leven": {
      "version": "2.1.0",
      "resolved": "https://registry.npmjs.org/leven/-/leven-2.1.0.tgz",
      "integrity": "sha512-nvVPLpIHUxCUoRLrFqTgSxXJ614d8AgQoWl7zPe/2VadE8+1dpU3LBhowRuBAcuwruWtOdD8oYC9jDNJjXDPyA==",
      "license": "MIT",
      "engines": {
        "node": ">=0.10.0"
      }
    },
    "node_modules/long": {
      "version": "5.3.2",
      "resolved": "https://registry.npmjs.org/long/-/long-5.3.2.tgz",
      "integrity": "sha512-mNAgZ1GmyNhD7AuqnTG3/VQ26o760+ZYBPKjPvugO8+nLbYfX6TVpJPseBvopbdY+qpZ/lKUnmEc1LeZYS3QAA==",
      "dev": true,
      "license": "Apache-2.0"
    },
    "node_modules/map-stream": {
      "version": "0.0.7",
      "resolved": "https://registry.npmjs.org/map-stream/-/map-stream-0.0.7.tgz",
      "integrity": "sha512-C0X0KQmGm3N2ftbTGBhSyuydQ+vV1LC3f3zPvT3RXHXNZrvfPZcoXp/N5DOa8vedX/rTMm2CjTtivFg2STJMRQ==",
      "dev": true,
      "license": "MIT"
    },
    "node_modules/minimatch": {
      "version": "3.1.5",
      "resolved": "https://registry.npmjs.org/minimatch/-/minimatch-3.1.5.tgz",
      "integrity": "sha512-VgjWUsnnT6n+NUk6eZq77zeFdpW2LWDzP6zFGrCbHXiYNul5Dzqk2HHQ5uFH2DNW5Xbp8+jVzaeNt94ssEEl4w==",
      "license": "ISC",
      "dependencies": {
        "brace-expansion": "^1.1.7"
      },
      "engines": {
        "node": "*"
      }
    },
    "node_modules/minimist": {
      "version": "1.2.8",
      "resolved": "https://registry.npmjs.org/minimist/-/minimist-1.2.8.tgz",
      "integrity": "sha512-2yyAR8qBkN3YuheJanUpWC5U3bb5osDywNB8RzDVlDwDHbocAJveqqj1u8+SVD7jkWT4yvsHCpWqqWqAxb0zCA==",
      "license": "MIT",
      "funding": {
        "url": "https://github.com/sponsors/ljharb"
      }
    },
    "node_modules/minipass": {
      "version": "7.1.3",
      "resolved": "https://registry.npmjs.org/minipass/-/minipass-7.1.3.tgz",
      "integrity": "sha512-tEBHqDnIoM/1rXME1zgka9g6Q2lcoCkxHLuc7ODJ5BxbP5d4c2Z5cGgtXAku59200Cx7diuHTOYfSBD8n6mm8A==",
      "license": "BlueOak-1.0.0",
      "engines": {
        "node": ">=16 || 14 >=14.17"
      }
    },
    "node_modules/minizlib": {
      "version": "3.1.0",
      "resolved": "https://registry.npmjs.org/minizlib/-/minizlib-3.1.0.tgz",
      "integrity": "sha512-KZxYo1BUkWD2TVFLr0MQoM8vUUigWD3LlD83a/75BqC+4qE0Hb1Vo5v1FgcfaNXvfXzr+5EhQ6ing/CaBijTlw==",
      "license": "MIT",
      "dependencies": {
        "minipass": "^7.1.2"
      },
      "engines": {
        "node": ">= 18"
      }
    },
    "node_modules/mkdirp": {
      "version": "0.5.6",
      "resolved": "https://registry.npmjs.org/mkdirp/-/mkdirp-0.5.6.tgz",
      "integrity": "sha512-FP+p8RB8OWpF3YZBCrP5gtADmtXApB5AMLn+vdyA+PyxCjrCs00mjyUozssO33cwDeT3wNGdLxJ5M//YqtHAJw==",
      "dev": true,
      "license": "MIT",
      "dependencies": {
        "minimist": "^1.2.6"
      },
      "bin": {
        "mkdirp": "bin/cmd.js"
      }
    },
    "node_modules/mqtt": {
      "version": "4.2.8",
      "resolved": "https://registry.npmjs.org/mqtt/-/mqtt-4.2.8.tgz",
      "integrity": "sha512-DJYjlXODVXtSDecN8jnNzi6ItX3+ufGsEs9OB3YV24HtkRrh7kpx8L5M1LuyF0KzaiGtWr2PzDcMGAY60KGOSA==",
      "license": "MIT",
      "dependencies": {
        "commist": "^1.0.0",
        "concat-stream": "^2.0.0",
        "debug": "^4.1.1",
        "duplexify": "^4.1.1",
        "help-me": "^3.0.0",
        "inherits": "^2.0.3",
        "minimist": "^1.2.5",
        "mqtt-packet": "^6.8.0",
        "pump": "^3.0.0",
        "readable-stream": "^3.6.0",
        "reinterval": "^1.1.0",
        "split2": "^3.1.0",
        "ws": "^7.5.0",
        "xtend": "^4.0.2"
      },
      "bin": {
        "mqtt": "bin/mqtt.js",
        "mqtt_pub": "bin/pub.js",
        "mqtt_sub": "bin/sub.js"
      },
      "engines": {
        "node": ">=10.0.0"
      }
    },
    "node_modules/mqtt-packet": {
      "version": "6.10.0",
      "resolved": "https://registry.npmjs.org/mqtt-packet/-/mqtt-packet-6.10.0.tgz",
      "integrity": "sha512-ja8+mFKIHdB1Tpl6vac+sktqy3gA8t9Mduom1BA75cI+R9AHnZOiaBQwpGiWnaVJLDGRdNhQmFaAqd7tkKSMGA==",
      "license": "MIT",
      "dependencies": {
        "bl": "^4.0.2",
        "debug": "^4.1.1",
        "process-nextick-args": "^2.0.1"
      }
    },
    "node_modules/ms": {
      "version": "2.1.3",
      "resolved": "https://registry.npmjs.org/ms/-/ms-2.1.3.tgz",
      "integrity": "sha512-6FlzubTLZG3J2a/NVCAleEhjzq5oxgHyaCU9yYXvcLsvoVaHJq/s5xXI6/XXP6tz7R9xAOtHnSO/tXtF3WRTlA==",
      "license": "MIT"
    },
    "node_modules/multicast-dns": {
      "version": "7.2.5",
      "resolved": "https://registry.npmjs.org/multicast-dns/-/multicast-dns-7.2.5.tgz",
      "integrity": "sha512-2eznPJP8z2BFLX50tf0LuODrpINqP1RVIm/CObbTcBRITQgmC/TjcREF1NeTBzIcR5XO/ukWo+YHOjBbFwIupg==",
      "dev": true,
      "license": "MIT",
      "dependencies": {
        "dns-packet": "^5.2.2",
        "thunky": "^1.0.2"
      },
      "bin": {
        "multicast-dns": "cli.js"
      }
    },
    "node_modules/multicast-dns-service-types": {
      "version": "1.1.0",
      "resolved": "https://registry.npmjs.org/multicast-dns-service-types/-/multicast-dns-service-types-1.1.0.tgz",
      "integrity": "sha512-cnAsSVxIDsYt0v7HmC0hWZFwwXSh+E6PgCrREDuN/EsjgLwA5XRmlMHhSiDPrt6HxY1gTivEa/Zh7GtODoLevQ==",
      "dev": true,
      "license": "MIT"
    },
    "node_modules/node-persist": {
      "version": "0.0.12",
      "resolved": "https://registry.npmjs.org/node-persist/-/node-persist-0.0.12.tgz",
      "integrity": "sha512-Fbia3FYnURzaql53wLu0t19dmAwQg/tXT6O7YPmdwNwysNKEyFmgoT2BQlPD3XXQnYeiQVNvR5lfvufGwKuxhg==",
      "dev": true,
      "license": "MIT",
      "dependencies": {
        "mkdirp": "~0.5.1",
        "q": "~1.1.1"
      }
    },
    "node_modules/once": {
      "version": "1.4.0",
      "resolved": "https://registry.npmjs.org/once/-/once-1.4.0.tgz",
      "integrity": "sha512-lNaJgI+2Q5URQBkccEKHTQOPaXdUxnZZElQTZY0MFUAuaEqe1E+Nyvgdz/aIyNi6Z9MzO5dv1H8n58/GELp3+w==",
      "license": "ISC",
      "dependencies": {
        "wrappy": "1"
      }
    },
    "node_modules/path-is-absolute": {
      "version": "1.0.1",
      "resolved": "https://registry.npmjs.org/path-is-absolute/-/path-is-absolute-1.0.1.tgz",
      "integrity": "sha512-AVbw3UJ2e9bq64vSaS9Am0fje1Pa8pbGqTTsmXfaIiMpnr5DlDhfJOuLj9Sf95ZPVDAUerDfEk88MPmPe7UCQg==",
      "license": "MIT",
      "engines": {
        "node": ">=0.10.0"
      }
    },
    "node_modules/pause-stream": {
      "version": "0.0.11",
      "resolved": "https://registry.npmjs.org/pause-stream/-/pause-stream-0.0.11.tgz",
      "integrity": "sha512-e3FBlXLmN/D1S+zHzanP4E/4Z60oFAa3O051qt1pxa7DEJWKAyil6upYVXCWadEnuoqa4Pkc9oUx9zsxYeRv8A==",
      "dev": true,
      "license": [
        "MIT",
        "Apache2"
      ],
      "dependencies": {
        "through": "~2.3"
      }
    },
    "node_modules/process-nextick-args": {
      "version": "2.0.1",
      "resolved": "https://registry.npmjs.org/process-nextick-args/-/process-nextick-args-2.0.1.tgz",
      "integrity": "sha512-3ouUOpQhtgrbOa17J7+uxOTpITYWaGP7/AhoR3+A+/1e9skrzelGi/dXzEYyvbxubEF6Wn2ypscTKiKJFFn1ag==",
      "license": "MIT"
    },
    "node_modules/pump": {
      "version": "3.0.4",
      "resolved": "https://registry.npmjs.org/pump/-/pump-3.0.4.tgz",
      "integrity": "sha512-VS7sjc6KR7e1ukRFhQSY5LM2uBWAUPiOPa/A3mkKmiMwSmRFUITt0xuj+/lesgnCv+dPIEYlkzrcyXgquIHMcA==",
      "license": "MIT",
      "dependencies": {
        "end-of-stream": "^1.1.0",
        "once": "^1.3.1"
      }
    },
    "node_modules/q": {
      "version": "1.1.2",
      "resolved": "https://registry.npmjs.org/q/-/q-1.1.2.tgz",
      "integrity": "sha512-ROtylwux7Vkc4C07oKE/ReigUmb33kVoLtcR4SJ1QVqwaZkBEDL3vX4/kwFzIERQ5PfCl0XafbU8u2YUhyGgVA==",
      "deprecated": "You or someone you depend on is using Q, the JavaScript Promise library that gave JavaScript developers strong feelings about promises. They can almost certainly migrate to the native JavaScript promise now. Thank you literally everyone for joining me in this bet against the odds. Be excellent to each other.\n\n(For a CapTP with native promises, see @endo/eventual-send and @endo/captp)",
      "dev": true,
      "license": "MIT",
      "engines": {
        "node": ">=0.6.0",
        "teleport": ">=0.2.0"
      }
    },
    "node_modules/qrcode-terminal": {
      "version": "0.12.0",
      "resolved": "https://registry.npmjs.org/qrcode-terminal/-/qrcode-terminal-0.12.0.tgz",
      "integrity": "sha512-EXtzRZmC+YGmGlDFbXKxQiMZNwCLEO6BANKXG4iCtSIM0yqc/pappSx3RIKr4r0uh5JsBckOXeKrB3Iz7mdQpQ==",
      "dev": true,
      "bin": {
        "qrcode-terminal": "bin/qrcode-terminal.js"
      }
    },
    "node_modules/readable-stream": {
      "version": "3.6.2",
      "resolved": "https://registry.npmjs.org/readable-stream/-/readable-stream-3.6.2.tgz",
      "integrity": "sha512-9u/sniCrY3D5WdsERHzHE4G2YCXqoG5FTHUiCC4SIbr6XcLZBY05ya9EKjYek9O5xOAwjGq+1JdGBAS7Q9ScoA==",
      "license": "MIT",
      "dependencies": {
        "inherits": "^2.0.3",
        "string_decoder": "^1.1.1",
        "util-deprecate": "^1.0.1"
      },
      "engines": {
        "node": ">= 6"
      }
    },
    "node_modules/reinterval": {
      "version": "1.1.0",
      "resolved": "https://registry.npmjs.org/reinterval/-/reinterval-1.1.0.tgz",
      "integrity": "sha512-QIRet3SYrGp0HUHO88jVskiG6seqUGC5iAG7AwI/BV4ypGcuqk9Du6YQBUOUqm9c8pw1eyLoIaONifRua1lsEQ==",
      "license": "MIT"
    },
    "node_modules/safe-buffer": {
      "version": "5.2.1",
      "resolved": "https://registry.npmjs.org/safe-buffer/-/safe-buffer-5.2.1.tgz",
      "integrity": "sha512-rp3So07KcdmmKbGvgaNxQSJr7bGVSVk5S9Eq1F+ppbRo70+YeaDxkw5Dd8NPN+GD6bjnYm2VuPuCXmpuYvmCXQ==",
      "funding": [
        {
          "type": "github",
          "url": "https://github.com/sponsors/feross"
        },
        {
          "type": "patreon",
          "url": "https://www.patreon.com/feross"
        },
        {
          "type": "consulting",
          "url": "https://feross.org/support"
        }
      ],
      "license": "MIT"
    },
    "node_modules/sax": {
      "version": "1.6.1",
      "resolved": "https://registry.npmjs.org/sax/-/sax-1.6.1.tgz",
      "integrity": "sha512-42tBVwLWnaQvW5zc4HbZrTuWccECCZfBi92FDuwtqxasH+JbPB3/FOKb1m222K42R4WxuxzzMsTswfzgtSu64Q==",
      "dev": true,
      "license": "BlueOak-1.0.0",
      "engines": {
        "node": ">=11.0.0"
      }
    },
    "node_modules/semver": {
      "version": "7.7.4",
      "resolved": "https://registry.npmjs.org/semver/-/semver-7.7.4.tgz",
      "integrity": "sha512-vFKC2IEtQnVhpT78h1Yp8wzwrf8CM+MzKMHGJZfBtzhZNycRFnXsHk6E5TxIkkMsgNS7mdX3AGB7x2QM2di4lA==",
      "dev": true,
      "license": "ISC",
      "bin": {
        "semver": "bin/semver.js"
      },
      "engines": {
        "node": ">=10"
      }
    },
    "node_modules/source-map": {
      "version": "0.6.1",
      "resolved": "https://registry.npmjs.org/source-map/-/source-map-0.6.1.tgz",
      "integrity": "sha512-UjgapumWlbMhkBgzT7Ykc5YXUT46F0iKu8SGXq0bcwP5dz/h0Plj6enJqjz1Zbq2l5WaqYnrVbwWOWMyF3F47g==",
      "dev": true,
      "license": "BSD-3-Clause",
      "engines": {
        "node": ">=0.10.0"
      }
    },
    "node_modules/source-map-support": {
      "version": "0.5.21",
      "resolved": "https://registry.npmjs.org/source-map-support/-/source-map-support-0.5.21.tgz",
      "integrity": "sha512-uBHU3L3czsIyYXKX88fdrGovxdSCoTGDRZ6SYXtSRxLZUzHg5P/66Ht6uoUlHu9EZod+inXhKo3qQgwXUT/y1w==",
      "dev": true,
      "license": "MIT",
      "dependencies": {
        "buffer-from": "^1.0.0",
        "source-map": "^0.6.0"
      }
    },
    "node_modules/split": {
      "version": "1.0.1",
      "resolved": "https://registry.npmjs.org/split/-/split-1.0.1.tgz",
      "integrity": "sha512-mTyOoPbrivtXnwnIxZRFYRrPNtEFKlpB2fvjSnCQUiAA6qAZzqwna5envK4uk6OIeP17CsdF3rSBGYVBsU0Tkg==",
      "dev": true,
      "license": "MIT",
      "dependencies": {
        "through": "2"
      },
      "engines": {
        "node": "*"
      }
    },
    "node_modules/split2": {
      "version": "3.2.2",
      "resolved": "https://registry.npmjs.org/split2/-/split2-3.2.2.tgz",
      "integrity": "sha512-9NThjpgZnifTkJpzTZ7Eue85S49QwpNhZTq6GRJwObb6jnLFNGB7Qm73V5HewTROPyxD0C29xqmaI68bQtV+hg==",
      "license": "ISC",
      "dependencies": {
        "readable-stream": "^3.0.0"
      }
    },
    "node_modules/stream-combiner": {
      "version": "0.2.2",
      "resolved": "https://registry.npmjs.org/stream-combiner/-/stream-combiner-0.2.2.tgz",
      "integrity": "sha512-6yHMqgLYDzQDcAkL+tjJDC5nSNuNIx0vZtRZeiPh7Saef7VHX9H5Ijn9l2VIol2zaNYlYEX6KyuT/237A58qEQ==",
      "dev": true,
      "license": "MIT",
      "dependencies": {
        "duplexer": "~0.1.1",
        "through": "~2.3.4"
      }
    },
    "node_modules/stream-shift": {
      "version": "1.0.3",
      "resolved": "https://registry.npmjs.org/stream-shift/-/stream-shift-1.0.3.tgz",
      "integrity": "sha512-76ORR0DO1o1hlKwTbi/DM3EXWGf3ZJYO8cXX5RJwnul2DEg2oyoZyjLNoQM8WsvZiFKCRfC1O0J7iCvie3RZmQ==",
      "license": "MIT"
    },
    "node_modules/string_decoder": {
      "version": "1.3.0",
      "resolved": "https://registry.npmjs.org/string_decoder/-/string_decoder-1.3.0.tgz",
      "integrity": "sha512-hkRX8U1WjJFd8LsDJ2yQ/wWWxaopEsABU1XfkM8A+j0+85JAGppt16cr1Whg6KIbb4okU6Mql6BOj+uup/wKeA==",
      "license": "MIT",
      "dependencies": {
        "safe-buffer": "~5.2.0"
      }
    },
    "node_modules/supports-color": {
      "version": "7.2.0",
      "resolved": "https://registry.npmjs.org/supports-color/-/supports-color-7.2.0.tgz",
      "integrity": "sha512-qpCAvRl9stuOHveKsn7HncJRvv501qIacKzQlO/+Lwxc9+0q2wLyv4Dfvt80/DPn2pqOBsJdDiogXGR9+OvwRw==",
      "dev": true,
      "license": "MIT",
      "dependencies": {
        "has-flag": "^4.0.0"
      },
      "engines": {
        "node": ">=8"
      }
    },
    "node_modules/tar": {
      "version": "7.5.22",
      "resolved": "https://registry.npmjs.org/tar/-/tar-7.5.22.tgz",
      "integrity": "sha512-MFO/QzvtAOmJbkhOaCTvbGcFN9L9b+JunIsDwaKljSOdcLMea3NJ1k9Usz/rjdfSXTq4dfzfeS7W4p4YOAAHeA==",
      "license": "BlueOak-1.0.0",
      "dependencies": {
        "@isaacs/fs-minipass": "^4.0.0",
        "chownr": "^3.0.0",
        "minipass": "^7.1.2",
        "minizlib": "^3.1.0",
        "yallist": "^5.0.0"
      },
      "engines": {
        "node": ">=18"
      }
    },
    "node_modules/through": {
      "version": "2.3.8",
      "resolved": "https://registry.npmjs.org/through/-/through-2.3.8.tgz",
      "integrity": "sha512-w89qg7PI8wAdvX60bMDP+bFoD5Dvhm9oLheFp5O4a2QF0cSBGsBX4qZmadPMvVqlLJBBci+WqGGOAPvcDeNSVg==",
      "dev": true,
      "license": "MIT"
    },
    "node_modules/thunky": {
      "version": "1.1.0",
      "resolved": "https://registry.npmjs.org/thunky/-/thunky-1.1.0.tgz",
      "integrity": "sha512-eHY7nBftgThBqOyHGVN+l8gF0BucP09fMo0oO/Lb0w1OF80dJv+lDVpXG60WMQvkcxAkNybKsrEIE3ZtKGmPrA==",
      "dev": true,
      "license": "MIT"
    },
    "node_modules/tslib": {
      "version": "2.8.1",
      "resolved": "https://registry.npmjs.org/tslib/-/tslib-2.8.1.tgz",
      "integrity": "sha512-oJFu94HQb+KVduSUQL7wnpmqnfmLsOA/nAh6b6EH0wCEoK0/mPeXU6c3wKDV83MkOuHPRHtSXKKU99IBazS/2w==",
      "dev": true,
      "license": "0BSD"
    },
    "node_modules/tweetnacl": {
      "version": "1.0.3",
      "resolved": "https://registry.npmjs.org/tweetnacl/-/tweetnacl-1.0.3.tgz",
      "integrity": "sha512-6rt+RN7aOi1nGMyC4Xa5DdYiukl2UWCbcJft7YhxReBGQD7OAM8Pbxw6YMo4r2diNEA8FEmu32YOn9rhaiE5yw==",
      "dev": true,
      "license": "Unlicense"
    },
    "node_modules/typedarray": {
      "version": "0.0.6",
      "resolved": "https://registry.npmjs.org/typedarray/-/typedarray-0.0.6.tgz",
      "integrity": "sha512-/aCDEGatGvZ2BIk+HmLf4ifCJFwvKFNb9/JeZPMulfgFracn9QFcAf5GO8B/mweUjSoblS5In0cWhqpfs/5PQA==",
      "license": "MIT"
    },
    "node_modules/universalify": {
      "version": "2.0.1",
      "resolved": "https://registry.npmjs.org/universalify/-/universalify-2.0.1.tgz",
      "integrity": "sha512-gptHNQghINnc/vTGIk0SOFGFNXw7JVrlRUtConJRlvaw6DuX0wO5Jeko9sWrMBhh+PsYAZ7oXAiOnf/UKogyiw==",
      "dev": true,
      "license": "MIT",
      "engines": {
        "node": ">= 10.0.0"
      }
    },
    "node_modules/util-deprecate": {
      "version": "1.0.2",
      "resolved": "https://registry.npmjs.org/util-deprecate/-/util-deprecate-1.0.2.tgz",
      "integrity": "sha512-EPD5q1uXyFxJpCrLnCc1nHnq3gOa6DZBocAIiI2TaSCA7VCJ1UJDMagCzIkXNsUYfD1daK//LTEQ8xiIbrHtcw==",
      "license": "MIT"
    },
    "node_modules/wrappy": {
      "version": "1.0.2",
      "resolved": "https://registry.npmjs.org/wrappy/-/wrappy-1.0.2.tgz",
      "integrity": "sha512-l4Sp/DRseor9wL6EvV2+TuQn63dMkPjZ/sp9XkghTEbV9KlPS1xUsZ3u7/IQO4wxtcFB4bgpQPRcR3QCvezPcQ==",
      "license": "ISC"
    },
    "node_modules/ws": {
      "version": "7.5.13",
      "resolved": "https://registry.npmjs.org/ws/-/ws-7.5.13.tgz",
      "integrity": "sha512-rsKI6xDBFVf4r/x8XyChGK04QR/XHroxs/jUcoWvtEZM8TPU/X/uIY9B1CsSzYws9ZJb/6bbBu7dPhFW00CAoA==",
      "license": "MIT",
      "engines": {
        "node": ">=8.3.0"
      },
      "peerDependencies": {
        "bufferutil": "^4.0.1",
        "utf-8-validate": "^5.0.2"
      },
      "peerDependenciesMeta": {
        "bufferutil": {
          "optional": true
        },
        "utf-8-validate": {
          "optional": true
        }
      }
    },
    "node_modules/xml2js": {
      "version": "0.6.2",
      "resolved": "https://registry.npmjs.org/xml2js/-/xml2js-0.6.2.tgz",
      "integrity": "sha512-T4rieHaC1EXcES0Kxxj4JWgaUQHDk+qwHcYOCFHfiwKz7tOVPLq7Hjq9dM1WCMhylqMEfP7hMcOIChvotiZegA==",
      "dev": true,
      "license": "MIT",
      "dependencies": {
        "sax": ">=0.6.0",
        "xmlbuilder": "~11.0.0"
      },
      "engines": {
        "node": ">=4.0.0"
      }
    },
    "node_modules/xmlbuilder": {
      "version": "11.0.1",
      "resolved": "https://registry.npmjs.org/xmlbuilder/-/xmlbuilder-11.0.1.tgz",
      "integrity": "sha512-fDlsI/kFEx7gLvbecc0/ohLG50fugQp8ryHzMTuW9vSa1GJ0XYWKnhsUx7oie3G98+r56aTQIUB4kht42R3JvA==",
      "dev": true,
      "license": "MIT",
      "engines": {
        "node": ">=4.0"
      }
    },
    "node_modules/xtend": {
      "version": "4.0.2",
      "resolved": "https://registry.npmjs.org/xtend/-/xtend-4.0.2.tgz",
      "integrity": "sha512-LKYU1iAXJXUgAXn9URjiu+MWhyUXHsvfp7mcuYm9dSUKK0/CjtrUwFAxD82/mCWbtLsGjFIad0wIsod4zrTAEQ==",
      "license": "MIT",
      "engines": {
        "node": ">=0.4"
      }
    },
    "node_modules/yallist": {
      "version": "5.0.0",
      "resolved": "https://registry.npmjs.org/yallist/-/yallist-5.0.0.tgz",
      "integrity": "sha512-YgvUTfwqyc7UXVMrB+SImsVYSmTS8X/tSrtdNZMImM+n7+QTriRXyXim0mBrTXNeqzVF0KWGgHPeiyViFFrNDw==",
      "license": "BlueOak-1.0.0",
      "engines": {
        "node": ">=18"
      }
    }
  }
}
